PODS:
  - Flutter (1.0.0)
  - rust_bridge (0.1.0):
    - Flutter

DEPENDENCIES:
  - Flutter (from `Flutter`)
  - rust_bridge (from `.symlinks/plugins/rust_bridge/ios`)

EXTERNAL SOURCES:
  Flutter:
    :path: Flutter
  rust_bridge:
    :path: ".symlinks/plugins/rust_bridge/ios"

SPEC CHECKSUMS:
  Flutter: 71a624a5bc0c04062bf19101d501e466baf2fb47
  rust_bridge: 8ef17b436a2cd3e3a140e51aa77833e24ea11e49

PODFILE CHECKSUM: 3ba3a73b1b12adcf321a227a745625fe0888cc82

COCOAPODS: 1.16.2
