PODS:
  - FlutterMacOS (1.0.0)
  - rust_bridge (0.1.0):
    - FlutterMacOS

DEPENDENCIES:
  - FlutterMacOS (from `Flutter/ephemeral`)
  - rust_bridge (from `Flutter/ephemeral/.symlinks/plugins/rust_bridge/macos`)

EXTERNAL SOURCES:
  FlutterMacOS:
    :path: Flutter/ephemeral
  rust_bridge:
    :path: Flutter/ephemeral/.symlinks/plugins/rust_bridge/macos

SPEC CHECKSUMS:
  FlutterMacOS: c232990155153907050900a2e175c7773903ba4e
  rust_bridge: 820ce4077ac851b467a746340d4dcfeb3acd29d5

PODFILE CHECKSUM: 1e95c36afbfd1cb6423ceca4de7a8e1b256fb6ac

COCOAPODS: 1.16.2
